
Microsoft Visual Studio Solution File, Format Version 12.00
# Visual Studio 15
VisualStudioVersion = 15.0.28010.2046
MinimumVisualStudioVersion = 10.0.40219.1
Project("{FAE04EC0-301F-11D3-BF4B-00C04F79EFBC}") = "BookSystem", "BookSystem\BookSystem.csproj", "{A9BCF5FE-7D1A-4BC5-B28B-A37704F56064}"
EndProject
Project("{FAE04EC0-301F-11D3-BF4B-00C04F79EFBC}") = "BookSystem.Data", "BookSystem.Data\BookSystem.Data.csproj", "{8FD618B5-A6C9-428E-9EEA-39318A850AEB}"
EndProject
Project("{FAE04EC0-301F-11D3-BF4B-00C04F79EFBC}") = "BookSystem.Data.Models", "BookSystem.Data.Models\BookSystem.Data.Models.csproj", "{2F6242B3-B1CA-4650-9D37-55828B53462F}"
EndProject
Global
	GlobalSection(SolutionConfigurationPlatforms) = preSolution
		Debug|Any CPU = Debug|Any CPU
		Release|Any CPU = Release|Any CPU
	EndGlobalSection
	GlobalSection(ProjectConfigurationPlatforms) = postSolution
		{A9BCF5FE-7D1A-4BC5-B28B-A37704F56064}.Debug|Any CPU.ActiveCfg = Debug|Any CPU
		{A9BCF5FE-7D1A-4BC5-B28B-A37704F56064}.Debug|Any CPU.Build.0 = Debug|Any CPU
		{A9BCF5FE-7D1A-4BC5-B28B-A37704F56064}.Release|Any CPU.ActiveCfg = Release|Any CPU
		{A9BCF5FE-7D1A-4BC5-B28B-A37704F56064}.Release|Any CPU.Build.0 = Release|Any CPU
		{8FD618B5-A6C9-428E-9EEA-39318A850AEB}.Debug|Any CPU.ActiveCfg = Debug|Any CPU
		{8FD618B5-A6C9-428E-9EEA-39318A850AEB}.Debug|Any CPU.Build.0 = Debug|Any CPU
		{8FD618B5-A6C9-428E-9EEA-39318A850AEB}.Release|Any CPU.ActiveCfg = Release|Any CPU
		{8FD618B5-A6C9-428E-9EEA-39318A850AEB}.Release|Any CPU.Build.0 = Release|Any CPU
		{2F6242B3-B1CA-4650-9D37-55828B53462F}.Debug|Any CPU.ActiveCfg = Debug|Any CPU
		{2F6242B3-B1CA-4650-9D37-55828B53462F}.Debug|Any CPU.Build.0 = Debug|Any CPU
		{2F6242B3-B1CA-4650-9D37-55828B53462F}.Release|Any CPU.ActiveCfg = Release|Any CPU
		{2F6242B3-B1CA-4650-9D37-55828B53462F}.Release|Any CPU.Build.0 = Release|Any CPU
	EndGlobalSection
	GlobalSection(SolutionProperties) = preSolution
		HideSolutionNode = FALSE
	EndGlobalSection
	GlobalSection(ExtensibilityGlobals) = postSolution
		SolutionGuid = {E2CD6478-CBFD-4F1A-A6CA-38A02DA9F9A4}
	EndGlobalSection
EndGlobal
